
Microsoft Visual Studio Solution File, Format Version 12.00
# Visual Studio 2013
VisualStudioVersion = 12.0.40629.0
MinimumVisualStudioVersion = 10.0.40219.1
Project("{FAE04EC0-301F-11D3-BF4B-00C04F79EFBC}") = "WorldSimulation", "WorldSimulation\WorldSimulation.csproj", "{1F43B31B-BE91-47F3-8713-8F5AD01267BD}"
EndProject
Project("{FAE04EC0-301F-11D3-BF4B-00C04F79EFBC}") = "WorldSimulation.Visualizer", "WorldSimulation.Visualizer\WorldSimulation.Visualizer.csproj", "{07E936EC-9ED0-4D08-BBAF-B422F753E3D9}"
EndProject
Global
	GlobalSection(SolutionConfigurationPlatforms) = preSolution
		Debug|Any CPU = Debug|Any CPU
		Debug|x64 = Debug|x64
		Release|Any CPU = Release|Any CPU
		Release|x64 = Release|x64
	EndGlobalSection
	GlobalSection(ProjectConfigurationPlatforms) = postSolution
		{1F43B31B-BE91-47F3-8713-8F5AD01267BD}.Debug|Any CPU.ActiveCfg = Debug|Any CPU
		{1F43B31B-BE91-47F3-8713-8F5AD01267BD}.Debug|Any CPU.Build.0 = Debug|Any CPU
		{1F43B31B-BE91-47F3-8713-8F5AD01267BD}.Debug|x64.ActiveCfg = Debug|x64
		{1F43B31B-BE91-47F3-8713-8F5AD01267BD}.Debug|x64.Build.0 = Debug|x64
		{1F43B31B-BE91-47F3-8713-8F5AD01267BD}.Release|Any CPU.ActiveCfg = Release|Any CPU
		{1F43B31B-BE91-47F3-8713-8F5AD01267BD}.Release|Any CPU.Build.0 = Release|Any CPU
		{1F43B31B-BE91-47F3-8713-8F5AD01267BD}.Release|x64.ActiveCfg = Release|x64
		{1F43B31B-BE91-47F3-8713-8F5AD01267BD}.Release|x64.Build.0 = Release|x64
		{07E936EC-9ED0-4D08-BBAF-B422F753E3D9}.Debug|Any CPU.ActiveCfg = Debug|Any CPU
		{07E936EC-9ED0-4D08-BBAF-B422F753E3D9}.Debug|Any CPU.Build.0 = Debug|Any CPU
		{07E936EC-9ED0-4D08-BBAF-B422F753E3D9}.Debug|x64.ActiveCfg = Debug|x64
		{07E936EC-9ED0-4D08-BBAF-B422F753E3D9}.Debug|x64.Build.0 = Debug|x64
		{07E936EC-9ED0-4D08-BBAF-B422F753E3D9}.Release|Any CPU.ActiveCfg = Release|Any CPU
		{07E936EC-9ED0-4D08-BBAF-B422F753E3D9}.Release|Any CPU.Build.0 = Release|Any CPU
		{07E936EC-9ED0-4D08-BBAF-B422F753E3D9}.Release|x64.ActiveCfg = Release|x64
		{07E936EC-9ED0-4D08-BBAF-B422F753E3D9}.Release|x64.Build.0 = Release|x64
	EndGlobalSection
	GlobalSection(SolutionProperties) = preSolution
		HideSolutionNode = FALSE
	EndGlobalSection
EndGlobal
